// !$*UTF8*$!
{
	archiveVersion = 1;
	classes = {
	};
	objectVersion = 46;
	objects = {

/* Begin PBXBuildFile section */
		2E45AF381F220EE800865D21 /* HSFLuckyView.m in Sources */ = {isa = PBXBuildFile; fileRef = 2E45AF371F220EE800865D21 /* HSFLuckyView.m */; };
		2EFA1B391F20A6C5002209AB /* HSFLuckyItem.m in Sources */ = {isa = PBXBuildFile; fileRef = 2EFA1B381F20A6C5002209AB /* HSFLuckyItem.m */; };
		2EFF38D21F0A55CB0050C813 /* main.m in Sources */ = {isa = PBXBuildFile; fileRef = 2EFF38D11F0A55CB0050C813 /* main.m */; };
		2EFF38D51F0A55CB0050C813 /* AppDelegate.m in Sources */ = {isa = PBXBuildFile; fileRef = 2EFF38D41F0A55CB0050C813 /* AppDelegate.m */; };
		2EFF38D81F0A55CB0050C813 /* ViewController.m in Sources */ = {isa = PBXBuildFile; fileRef = 2EFF38D71F0A55CB0050C813 /* ViewController.m */; };
		2EFF38DB1F0A55CB0050C813 /* Main.storyboard in Resources */ = {isa = PBXBuildFile; fileRef = 2EFF38D91F0A55CB0050C813 /* Main.storyboard */; };
		2EFF38DD1F0A55CB0050C813 /* Assets.xcassets in Resources */ = {isa = PBXBuildFile; fileRef = 2EFF38DC1F0A55CB0050C813 /* Assets.xcassets */; };
		2EFF38E01F0A55CB0050C813 /* LaunchScreen.storyboard in Resources */ = {isa = PBXBuildFile; fileRef = 2EFF38DE1F0A55CB0050C813 /* LaunchScreen.storyboard */; };
/* End PBXBuildFile section */

/* Begin PBXFileReference section */
		2E45AF361F220EE800865D21 /* HSFLuckyView.h */ = {isa = PBXFileReference; fileEncoding = 4; lastKnownFileType = sourcecode.c.h; path = HSFLuckyView.h; sourceTree = "<group>"; };
		2E45AF371F220EE800865D21 /* HSFLuckyView.m */ = {isa = PBXFileReference; fileEncoding = 4; lastKnownFileType = sourcecode.c.objc; path = HSFLuckyView.m; sourceTree = "<group>"; };
		2EFA1B371F20A6C5002209AB /* HSFLuckyItem.h */ = {isa = PBXFileReference; fileEncoding = 4; lastKnownFileType = sourcecode.c.h; path = HSFLuckyItem.h; sourceTree = "<group>"; };
		2EFA1B381F20A6C5002209AB /* HSFLuckyItem.m */ = {isa = PBXFileReference; fileEncoding = 4; lastKnownFileType = sourcecode.c.objc; path = HSFLuckyItem.m; sourceTree = "<group>"; };
		2EFF38CD1F0A55CB0050C813 /* LuckyDemo.app */ = {isa = PBXFileReference; explicitFileType = wrapper.application; includeInIndex = 0; path = LuckyDemo.app; sourceTree = BUILT_PRODUCTS_DIR; };
		2EFF38D11F0A55CB0050C813 /* main.m */ = {isa = PBXFileReference; lastKnownFileType = sourcecode.c.objc; path = main.m; sourceTree = "<group>"; };
		2EFF38D31F0A55CB0050C813 /* AppDelegate.h */ = {isa = PBXFileReference; lastKnownFileType = sourcecode.c.h; path = AppDelegate.h; sourceTree = "<group>"; };
		2EFF38D41F0A55CB0050C813 /* AppDelegate.m */ = {isa = PBXFileReference; lastKnownFileType = sourcecode.c.objc; path = AppDelegate.m; sourceTree = "<group>"; };
		2EFF38D61F0A55CB0050C813 /* ViewController.h */ = {isa = PBXFileReference; lastKnownFileType = sourcecode.c.h; path = ViewController.h; sourceTree = "<group>"; };
		2EFF38D71F0A55CB0050C813 /* ViewController.m */ = {isa = PBXFileReference; lastKnownFileType = sourcecode.c.objc; path = ViewController.m; sourceTree = "<group>"; };
		2EFF38DA1F0A55CB0050C813 /* Base */ = {isa = PBXFileReference; lastKnownFileType = file.storyboard; name = Base; path = Base.lproj/Main.storyboard; sourceTree = "<group>"; };
		2EFF38DC1F0A55CB0050C813 /* Assets.xcassets */ = {isa = PBXFileReference; lastKnownFileType = folder.assetcatalog; path = Assets.xcassets; sourceTree = "<group>"; };
		2EFF38DF1F0A55CB0050C813 /* Base */ = {isa = PBXFileReference; lastKnownFileType = file.storyboard; name = Base; path = Base.lproj/LaunchScreen.storyboard; sourceTree = "<group>"; };
		2EFF38E11F0A55CB0050C813 /* Info.plist */ = {isa = PBXFileReference; lastKnownFileType = text.plist.xml; path = Info.plist; sourceTree = "<group>"; };
/* End PBXFileReference section */

/* Begin PBXFrameworksBuildPhase section */
		2EFF38CA1F0A55CB0050C813 /* Frameworks */ = {
			isa = PBXFrameworksBuildPhase;
			buildActionMask = 2147483647;
			files = (
			);
			runOnlyForDeploymentPostprocessing = 0;
		};
/* End PBXFrameworksBuildPhase section */

/* Begin PBXGroup section */
		2EFF38C41F0A55CB0050C813 = {
			isa = PBXGroup;
			children = (
				2EFF38CF1F0A55CB0050C813 /* LuckyDemo */,
				2EFF38CE1F0A55CB0050C813 /* Products */,
			);
			sourceTree = "<group>";
		};
		2EFF38CE1F0A55CB0050C813 /* Products */ = {
			isa = PBXGroup;
			children = (
				2EFF38CD1F0A55CB0050C813 /* LuckyDemo.app */,
			);
			name = Products;
			sourceTree = "<group>";
		};
		2EFF38CF1F0A55CB0050C813 /* LuckyDemo */ = {
			isa = PBXGroup;
			children = (
				2E45AF361F220EE800865D21 /* HSFLuckyView.h */,
				2E45AF371F220EE800865D21 /* HSFLuckyView.m */,
				2EFA1B371F20A6C5002209AB /* HSFLuckyItem.h */,
				2EFA1B381F20A6C5002209AB /* HSFLuckyItem.m */,
				2EFF38D31F0A55CB0050C813 /* AppDelegate.h */,
				2EFF38D41F0A55CB0050C813 /* AppDelegate.m */,
				2EFF38D61F0A55CB0050C813 /* ViewController.h */,
				2EFF38D71F0A55CB0050C813 /* ViewController.m */,
				2EFF38D91F0A55CB0050C813 /* Main.storyboard */,
				2EFF38DC1F0A55CB0050C813 /* Assets.xcassets */,
				2EFF38DE1F0A55CB0050C813 /* LaunchScreen.storyboard */,
				2EFF38E11F0A55CB0050C813 /* Info.plist */,
				2EFF38D01F0A55CB0050C813 /* Supporting Files */,
			);
			path = LuckyDemo;
			sourceTree = "<group>";
		};
		2EFF38D01F0A55CB0050C813 /* Supporting Files */ = {
			isa = PBXGroup;
			children = (
				2EFF38D11F0A55CB0050C813 /* main.m */,
			);
			name = "Supporting Files";
			sourceTree = "<group>";
		};
/* End PBXGroup section */

/* Begin PBXNativeTarget section */
		2EFF38CC1F0A55CB0050C813 /* LuckyDemo */ = {
			isa = PBXNativeTarget;
			buildConfigurationList = 2EFF38E41F0A55CB0050C813 /* Build configuration list for PBXNativeTarget "LuckyDemo" */;
			buildPhases = (
				2EFF38C91F0A55CB0050C813 /* Sources */,
				2EFF38CA1F0A55CB0050C813 /* Frameworks */,
				2EFF38CB1F0A55CB0050C813 /* Resources */,
			);
			buildRules = (
			);
			dependencies = (
			);
			name = LuckyDemo;
			productName = LuckyDemo;
			productReference = 2EFF38CD1F0A55CB0050C813 /* LuckyDemo.app */;
			productType = "com.apple.product-type.application";
		};
/* End PBXNativeTarget section */

/* Begin PBXProject section */
		2EFF38C51F0A55CB0050C813 /* Project object */ = {
			isa = PBXProject;
			attributes = {
				LastUpgradeCheck = 0830;
				ORGANIZATIONNAME = JuZhenBaoiMac;
				TargetAttributes = {
					2EFF38CC1F0A55CB0050C813 = {
						CreatedOnToolsVersion = 8.3.3;
						DevelopmentTeam = 2K2XTQPEQM;
						ProvisioningStyle = Automatic;
					};
				};
			};
			buildConfigurationList = 2EFF38C81F0A55CB0050C813 /* Build configuration list for PBXProject "LuckyDemo" */;
			compatibilityVersion = "Xcode 3.2";
			developmentRegion = English;
			hasScannedForEncodings = 0;
			knownRegions = (
				en,
				Base,
			);
			mainGroup = 2EFF38C41F0A55CB0050C813;
			productRefGroup = 2EFF38CE1F0A55CB0050C813 /* Products */;
			projectDirPath = "";
			projectRoot = "";
			targets = (
				2EFF38CC1F0A55CB0050C813 /* LuckyDemo */,
			);
		};
/* End PBXProject section */

/* Begin PBXResourcesBuildPhase section */
		2EFF38CB1F0A55CB0050C813 /* Resources */ = {
			isa = PBXResourcesBuildPhase;
			buildActionMask = 2147483647;
			files = (
				2EFF38E01F0A55CB0050C813 /* LaunchScreen.storyboard in Resources */,
				2EFF38DD1F0A55CB0050C813 /* Assets.xcassets in Resources */,
				2EFF38DB1F0A55CB0050C813 /* Main.storyboard in Resources */,
			);
			runOnlyForDeploymentPostprocessing = 0;
		};
/* End PBXResourcesBuildPhase section */

/* Begin PBXSourcesBuildPhase section */
		2EFF38C91F0A55CB0050C813 /* Sources */ = {
			isa = PBXSourcesBuildPhase;
			buildActionMask = 2147483647;
			files = (
				2E45AF381F220EE800865D21 /* HSFLuckyView.m in Sources */,
				2EFA1B391F20A6C5002209AB /* HSFLuckyItem.m in Sources */,
				2EFF38D81F0A55CB0050C813 /* ViewController.m in Sources */,
				2EFF38D51F0A55CB0050C813 /* AppDelegate.m in Sources */,
				2EFF38D21F0A55CB0050C813 /* main.m in Sources */,
			);
			runOnlyForDeploymentPostprocessing = 0;
		};
/* End PBXSourcesBuildPhase section */

/* Begin PBXVariantGroup section */
		2EFF38D91F0A55CB0050C813 /* Main.storyboard */ = {
			isa = PBXVariantGroup;
			children = (
				2EFF38DA1F0A55CB0050C813 /* Base */,
			);
			name = Main.storyboard;
			sourceTree = "<group>";
		};
		2EFF38DE1F0A55CB0050C813 /* LaunchScreen.storyboard */ = {
			isa = PBXVariantGroup;
			children = (
				2EFF38DF1F0A55CB0050C813 /* Base */,
			);
			name = LaunchScreen.storyboard;
			sourceTree = "<group>";
		};
/* End PBXVariantGroup section */

/* Begin XCBuildConfiguration section */
		2EFF38E21F0A55CB0050C813 /* Debug */ = {
			isa = XCBuildConfiguration;
			buildSettings = {
				ALWAYS_SEARCH_USER_PATHS = NO;
				CLANG_ANALYZER_NONNULL = YES;
				CLANG_ANALYZER_NUMBER_OBJECT_CONVERSION = YES_AGGRESSIVE;
				CLANG_CXX_LANGUAGE_STANDARD = "gnu++0x";
				CLANG_CXX_LIBRARY = "libc++";
				CLANG_ENABLE_MODULES = YES;
				CLANG_ENABLE_OBJC_ARC = YES;
				CLANG_WARN_BOOL_CONVERSION = YES;
				CLANG_WARN_CONSTANT_CONVERSION = YES;
				CLANG_WARN_DIRECT_OBJC_ISA_USAGE = YES_ERROR;
				CLANG_WARN_DOCUMENTATION_COMMENTS = YES;
				CLANG_WARN_EMPTY_BODY = YES;
				CLANG_WARN_ENUM_CONVERSION = YES;
				CLANG_WARN_INFINITE_RECURSION = YES;
				CLANG_WARN_INT_CONVERSION = YES;
				CLANG_WARN_OBJC_ROOT_CLASS = YES_ERROR;
				CLANG_WARN_SUSPICIOUS_MOVE = YES;
				CLANG_WARN_UNREACHABLE_CODE = YES;
				CLANG_WARN__DUPLICATE_METHOD_MATCH = YES;
				"CODE_SIGN_IDENTITY[sdk=iphoneos*]" = "iPhone Developer";
				COPY_PHASE_STRIP = NO;
				DEBUG_INFORMATION_FORMAT = dwarf;
				ENABLE_STRICT_OBJC_MSGSEND = YES;
				ENABLE_TESTABILITY = YES;
				GCC_C_LANGUAGE_STANDARD = gnu99;
				GCC_DYNAMIC_NO_PIC = NO;
				GCC_NO_COMMON_BLOCKS = YES;
				GCC_OPTIMIZATION_LEVEL = 0;
				GCC_PREPROCESSOR_DEFINITIONS = (
					"DEBUG=1",
					"$(inherited)",
				);
				GCC_WARN_64_TO_32_BIT_CONVERSION = YES;
				GCC_WARN_ABOUT_RETURN_TYPE = YES_ERROR;
				GCC_WARN_UNDECLARED_SELECTOR = YES;
				GCC_WARN_UNINITIALIZED_AUTOS = YES_AGGRESSIVE;
				GCC_WARN_UNUSED_FUNCTION = YES;
				GCC_WARN_UNUSED_VARIABLE = YES;
				IPHONEOS_DEPLOYMENT_TARGET = 10.3;
				MTL_ENABLE_DEBUG_INFO = YES;
				ONLY_ACTIVE_ARCH = YES;
				SDKROOT = iphoneos;
			};
			name = Debug;
		};
		2EFF38E31F0A55CB0050C813 /* Release */ = {
			isa = XCBuildConfiguration;
			buildSettings = {
				ALWAYS_SEARCH_USER_PATHS = NO;
				CLANG_ANALYZER_NONNULL = YES;
				CLANG_ANALYZER_NUMBER_OBJECT_CONVERSION = YES_AGGRESSIVE;
				CLANG_CXX_LANGUAGE_STANDARD = "gnu++0x";
				CLANG_CXX_LIBRARY = "libc++";
				CLANG_ENABLE_MODULES = YES;
				CLANG_ENABLE_OBJC_ARC = YES;
				CLANG_WARN_BOOL_CONVERSION = YES;
				CLANG_WARN_CONSTANT_CONVERSION = YES;
				CLANG_WARN_DIRECT_OBJC_ISA_USAGE = YES_ERROR;
				CLANG_WARN_DOCUMENTATION_COMMENTS = YES;
				CLANG_WARN_EMPTY_BODY = YES;
				CLANG_WARN_ENUM_CONVERSION = YES;
				CLANG_WARN_INFINITE_RECURSION = YES;
				CLANG_WARN_INT_CONVERSION = YES;
				CLANG_WARN_OBJC_ROOT_CLASS = YES_ERROR;
				CLANG_WARN_SUSPICIOUS_MOVE = YES;
				CLANG_WARN_UNREACHABLE_CODE = YES;
				CLANG_WARN__DUPLICATE_METHOD_MATCH = YES;
				"CODE_SIGN_IDENTITY[sdk=iphoneos*]" = "iPhone Developer";
				COPY_PHASE_STRIP = NO;
				DEBUG_INFORMATION_FORMAT = "dwarf-with-dsym";
				ENABLE_NS_ASSERTIONS = NO;
				ENABLE_STRICT_OBJC_MSGSEND = YES;
				GCC_C_LANGUAGE_STANDARD = gnu99;
				GCC_NO_COMMON_BLOCKS = YES;
				GCC_WARN_64_TO_32_BIT_CONVERSION = YES;
				GCC_WARN_ABOUT_RETURN_TYPE = YES_ERROR;
				GCC_WARN_UNDECLARED_SELECTOR = YES;
				GCC_WARN_UNINITIALIZED_AUTOS = YES_AGGRESSIVE;
				GCC_WARN_UNUSED_FUNCTION = YES;
				GCC_WARN_UNUSED_VARIABLE = YES;
				IPHONEOS_DEPLOYMENT_TARGET = 10.3;
				MTL_ENABLE_DEBUG_INFO = NO;
				SDKROOT = iphoneos;
				VALIDATE_PRODUCT = YES;
			};
			name = Release;
		};
		2EFF38E51F0A55CB0050C813 /* Debug */ = {
			isa = XCBuildConfiguration;
			buildSettings = {
				ASSETCATALOG_COMPILER_APPICON_NAME = AppIcon;
				DEVELOPMENT_TEAM = 2K2XTQPEQM;
				INFOPLIST_FILE = LuckyDemo/Info.plist;
				LD_RUNPATH_SEARCH_PATHS = "$(inherited) @executable_path/Frameworks";
				PRODUCT_BUNDLE_IDENTIFIER = juZhenbao.LuckyDemo;
				PRODUCT_NAME = "$(TARGET_NAME)";
			};
			name = Debug;
		};
		2EFF38E61F0A55CB0050C813 /* Release */ = {
			isa = XCBuildConfiguration;
			buildSettings = {
				ASSETCATALOG_COMPILER_APPICON_NAME = AppIcon;
				DEVELOPMENT_TEAM = 2K2XTQPEQM;
				INFOPLIST_FILE = LuckyDemo/Info.plist;
				LD_RUNPATH_SEARCH_PATHS = "$(inherited) @executable_path/Frameworks";
				PRODUCT_BUNDLE_IDENTIFIER = juZhenbao.LuckyDemo;
				PRODUCT_NAME = "$(TARGET_NAME)";
			};
			name = Release;
		};
/* End XCBuildConfiguration section */

/* Begin XCConfigurationList section */
		2EFF38C81F0A55CB0050C813 /* Build configuration list for PBXProject "LuckyDemo" */ = {
			isa = XCConfigurationList;
			buildConfigurations = (
				2EFF38E21F0A55CB0050C813 /* Debug */,
				2EFF38E31F0A55CB0050C813 /* Release */,
			);
			defaultConfigurationIsVisible = 0;
			defaultConfigurationName = Release;
		};
		2EFF38E41F0A55CB0050C813 /* Build configuration list for PBXNativeTarget "LuckyDemo" */ = {
			isa = XCConfigurationList;
			buildConfigurations = (
				2EFF38E51F0A55CB0050C813 /* Debug */,
				2EFF38E61F0A55CB0050C813 /* Release */,
			);
			defaultConfigurationIsVisible = 0;
			defaultConfigurationName = Release;
		};
/* End XCConfigurationList section */
	};
	rootObject = 2EFF38C51F0A55CB0050C813 /* Project object */;
}
